
Microsoft Visual Studio Solution File, Format Version 12.00
# Visual Studio Version 17
VisualStudioVersion = 17.10.35013.160
MinimumVisualStudioVersion = 10.0.40219.1
Project("{FAE04EC0-301F-11D3-BF4B-00C04F79EFBC}") = "alkatreszek", "alkatreszek\alkatreszek.csproj", "{EF9E2376-128D-4921-8492-19B146BD3C10}"
EndProject
Global
	GlobalSection(SolutionConfigurationPlatforms) = preSolution
		Debug|Any CPU = Debug|Any CPU
		Release|Any CPU = Release|Any CPU
	EndGlobalSection
	GlobalSection(ProjectConfigurationPlatforms) = postSolution
		{EF9E2376-128D-4921-8492-19B146BD3C10}.Debug|Any CPU.ActiveCfg = Debug|Any CPU
		{EF9E2376-128D-4921-8492-19B146BD3C10}.Debug|Any CPU.Build.0 = Debug|Any CPU
		{EF9E2376-128D-4921-8492-19B146BD3C10}.Release|Any CPU.ActiveCfg = Release|Any CPU
		{EF9E2376-128D-4921-8492-19B146BD3C10}.Release|Any CPU.Build.0 = Release|Any CPU
	EndGlobalSection
	GlobalSection(SolutionProperties) = preSolution
		HideSolutionNode = FALSE
	EndGlobalSection
	GlobalSection(ExtensibilityGlobals) = postSolution
		SolutionGuid = {606E98F0-9DEC-4801-921B-7CC2002E1FFD}
	EndGlobalSection
EndGlobal
